
Microsoft Visual Studio Solution File, Format Version 12.00
# Visual Studio Version 17
VisualStudioVersion = 17.0.32014.148
MinimumVisualStudioVersion = 10.0.40219.1
Project("{FAE04EC0-301F-11D3-BF4B-00C04F79EFBC}") = "SpotGuru", "SpotGuru\SpotGuru.csproj", "{FADFEE37-9F91-4F68-A8FB-C144C40DAE12}"
EndProject
Global
	GlobalSection(SolutionConfigurationPlatforms) = preSolution
		Debug|Any CPU = Debug|Any CPU
		Release|Any CPU = Release|Any CPU
	EndGlobalSection
	GlobalSection(ProjectConfigurationPlatforms) = postSolution
		{FADFEE37-9F91-4F68-A8FB-C144C40DAE12}.Debug|Any CPU.ActiveCfg = Debug|Any CPU
		{FADFEE37-9F91-4F68-A8FB-C144C40DAE12}.Debug|Any CPU.Build.0 = Debug|Any CPU
		{FADFEE37-9F91-4F68-A8FB-C144C40DAE12}.Release|Any CPU.ActiveCfg = Release|Any CPU
		{FADFEE37-9F91-4F68-A8FB-C144C40DAE12}.Release|Any CPU.Build.0 = Release|Any CPU
	EndGlobalSection
	GlobalSection(SolutionProperties) = preSolution
		HideSolutionNode = FALSE
	EndGlobalSection
	GlobalSection(ExtensibilityGlobals) = postSolution
		SolutionGuid = {F82DA131-CE08-4C3C-A8AC-D02F3E0F8CA9}
	EndGlobalSection
EndGlobal
